{
    "version": 3,
    "terraform_version": "0.11.7",
    "serial": 3,
    "lineage": "8105f9e4-e19e-1430-b33d-b2ec3bf6e658",
    "modules": [
        {
            "path": [
                "root"
            ],
            "outputs": {},
            "resources": {
                "aws_internet_gateway.gw": {
                    "type": "aws_internet_gateway",
                    "depends_on": [
                        "aws_vpc.default"
                    ],
                    "primary": {
                        "id": "igw-02e8e71a332ab110f",
                        "attributes": {
                            "id": "igw-02e8e71a332ab110f",
                            "tags.%": "1",
                            "tags.Name": "VPC IGW",
                            "vpc_id": "vpc-03da6456113a15e76"
                        },
                        "meta": {},
                        "tainted": false
                    },
                    "deposed": [],
                    "provider": "provider.aws"
                },
                "aws_key_pair.default": {
                    "type": "aws_key_pair",
                    "depends_on": [],
                    "primary": {
                        "id": "mabuaitakeypair",
                        "attributes": {
                            "id": "mabuaitakeypair",
                            "key_name": "mabuaitakeypair",
                            "public_key": "ssh-rsa AAAAB3NzaC1yc2EAAAADAQABAAABAQDd60c0LJNRdUA7ouTg7QaV9W/Y5ToL8MEKHjEWh3D8g0py59MxnsqHWVkWBAfJnb5X/ZHjCtfGhwkj1hKCcpSJoYEfZKSEx9qZ3kNsaGMgQ5imfd/gF4r1BLioyYUFLpZuWFmpwQvWz4eJxTHn15oDQGOMtdVDP0y+1uaAQpHo1SwE837JMkgXz3Z22yrIp2HgYmWL5JbGqnZ0hseYYpHC0wCvLCyNQ2Wis4jFgtF0e7YQCtc91MMAoVUNz91MCfIFBRGSbqvETgTvNx6UapJdNKTXGF4pe2994qwpGiHf7bSljvqaIUKjPzneDDQMULZsZJTrY8iHTDAUv8ZHZnuN mabuaita@Hebas-Air-2"
                        },
                        "meta": {
                            "schema_version": "1"
                        },
                        "tainted": false
                    },
                    "deposed": [],
                    "provider": "provider.aws"
                },
                "aws_route_table.web-public-rt": {
                    "type": "aws_route_table",
                    "depends_on": [
                        "aws_internet_gateway.gw",
                        "aws_vpc.default"
                    ],
                    "primary": {
                        "id": "rtb-021e7e600ade13ae2",
                        "attributes": {
                            "id": "rtb-021e7e600ade13ae2",
                            "propagating_vgws.#": "0",
                            "route.#": "1",
                            "route.2881667958.cidr_block": "0.0.0.0/0",
                            "route.2881667958.egress_only_gateway_id": "",
                            "route.2881667958.gateway_id": "igw-02e8e71a332ab110f",
                            "route.2881667958.instance_id": "",
                            "route.2881667958.ipv6_cidr_block": "",
                            "route.2881667958.nat_gateway_id": "",
                            "route.2881667958.network_interface_id": "",
                            "route.2881667958.vpc_peering_connection_id": "",
                            "tags.%": "1",
                            "tags.Name": "Public Subnet RT",
                            "vpc_id": "vpc-03da6456113a15e76"
                        },
                        "meta": {},
                        "tainted": false
                    },
                    "deposed": [],
                    "provider": "provider.aws"
                },
                "aws_route_table_association.web-public-rt": {
                    "type": "aws_route_table_association",
                    "depends_on": [
                        "aws_route_table.web-public-rt",
                        "aws_subnet.public-subnet"
                    ],
                    "primary": {
                        "id": "rtbassoc-041d4acec77769564",
                        "attributes": {
                            "id": "rtbassoc-041d4acec77769564",
                            "route_table_id": "rtb-021e7e600ade13ae2",
                            "subnet_id": "subnet-0d624622f8c38bbe3"
                        },
                        "meta": {},
                        "tainted": false
                    },
                    "deposed": [],
                    "provider": "provider.aws"
                },
                "aws_security_group.sgdb": {
                    "type": "aws_security_group",
                    "depends_on": [
                        "aws_vpc.default"
                    ],
                    "primary": {
                        "id": "sg-0ab6b637cebad358d",
                        "attributes": {
                            "arn": "arn:aws:ec2:ap-south-1:831028923997:security-group/sg-0ab6b637cebad358d",
                            "description": "Allow traffic from public subnet",
                            "egress.#": "0",
                            "id": "sg-0ab6b637cebad358d",
                            "ingress.#": "3",
                            "ingress.1543439712.cidr_blocks.#": "1",
                            "ingress.1543439712.cidr_blocks.0": "10.7.0.0/24",
                            "ingress.1543439712.description": "",
                            "ingress.1543439712.from_port": "-1",
                            "ingress.1543439712.ipv6_cidr_blocks.#": "0",
                            "ingress.1543439712.protocol": "icmp",
                            "ingress.1543439712.security_groups.#": "0",
                            "ingress.1543439712.self": "false",
                            "ingress.1543439712.to_port": "-1",
                            "ingress.1670900600.cidr_blocks.#": "1",
                            "ingress.1670900600.cidr_blocks.0": "10.7.0.0/24",
                            "ingress.1670900600.description": "",
                            "ingress.1670900600.from_port": "22",
                            "ingress.1670900600.ipv6_cidr_blocks.#": "0",
                            "ingress.1670900600.protocol": "tcp",
                            "ingress.1670900600.security_groups.#": "0",
                            "ingress.1670900600.self": "false",
                            "ingress.1670900600.to_port": "22",
                            "ingress.4212006198.cidr_blocks.#": "1",
                            "ingress.4212006198.cidr_blocks.0": "10.7.0.0/24",
                            "ingress.4212006198.description": "",
                            "ingress.4212006198.from_port": "3306",
                            "ingress.4212006198.ipv6_cidr_blocks.#": "0",
                            "ingress.4212006198.protocol": "tcp",
                            "ingress.4212006198.security_groups.#": "0",
                            "ingress.4212006198.self": "false",
                            "ingress.4212006198.to_port": "3306",
                            "name": "DB-ap-south-1",
                            "owner_id": "831028923997",
                            "revoke_rules_on_delete": "false",
                            "tags.%": "1",
                            "tags.Name": "DB ap-south-1",
                            "vpc_id": "vpc-03da6456113a15e76"
                        },
                        "meta": {
                            "e2bfb730-ecaa-11e6-8f88-34363bc7c4c0": {
                                "create": 600000000000,
                                "delete": 600000000000
                            },
                            "schema_version": "1"
                        },
                        "tainted": false
                    },
                    "deposed": [],
                    "provider": "provider.aws"
                },
                "aws_security_group.sgweb": {
                    "type": "aws_security_group",
                    "depends_on": [
                        "aws_vpc.default"
                    ],
                    "primary": {
                        "id": "sg-0b72ec849b18d7f14",
                        "attributes": {
                            "arn": "arn:aws:ec2:ap-south-1:831028923997:security-group/sg-0b72ec849b18d7f14",
                            "description": "Allow incoming HTTP connections \u0026 SSH access",
                            "egress.#": "0",
                            "id": "sg-0b72ec849b18d7f14",
                            "ingress.#": "4",
                            "ingress.1799340084.cidr_blocks.#": "1",
                            "ingress.1799340084.cidr_blocks.0": "0.0.0.0/0",
                            "ingress.1799340084.description": "",
                            "ingress.1799340084.from_port": "-1",
                            "ingress.1799340084.ipv6_cidr_blocks.#": "0",
                            "ingress.1799340084.protocol": "icmp",
                            "ingress.1799340084.security_groups.#": "0",
                            "ingress.1799340084.self": "false",
                            "ingress.1799340084.to_port": "-1",
                            "ingress.2214680975.cidr_blocks.#": "1",
                            "ingress.2214680975.cidr_blocks.0": "0.0.0.0/0",
                            "ingress.2214680975.description": "",
                            "ingress.2214680975.from_port": "80",
                            "ingress.2214680975.ipv6_cidr_blocks.#": "0",
                            "ingress.2214680975.protocol": "tcp",
                            "ingress.2214680975.security_groups.#": "0",
                            "ingress.2214680975.self": "false",
                            "ingress.2214680975.to_port": "80",
                            "ingress.2541437006.cidr_blocks.#": "1",
                            "ingress.2541437006.cidr_blocks.0": "0.0.0.0/0",
                            "ingress.2541437006.description": "",
                            "ingress.2541437006.from_port": "22",
                            "ingress.2541437006.ipv6_cidr_blocks.#": "0",
                            "ingress.2541437006.protocol": "tcp",
                            "ingress.2541437006.security_groups.#": "0",
                            "ingress.2541437006.self": "false",
                            "ingress.2541437006.to_port": "22",
                            "ingress.2617001939.cidr_blocks.#": "1",
                            "ingress.2617001939.cidr_blocks.0": "0.0.0.0/0",
                            "ingress.2617001939.description": "",
                            "ingress.2617001939.from_port": "443",
                            "ingress.2617001939.ipv6_cidr_blocks.#": "0",
                            "ingress.2617001939.protocol": "tcp",
                            "ingress.2617001939.security_groups.#": "0",
                            "ingress.2617001939.self": "false",
                            "ingress.2617001939.to_port": "443",
                            "name": "web-ap-south-1",
                            "owner_id": "831028923997",
                            "revoke_rules_on_delete": "false",
                            "tags.%": "1",
                            "tags.Name": "Web Server ap-south-1",
                            "vpc_id": "vpc-03da6456113a15e76"
                        },
                        "meta": {
                            "e2bfb730-ecaa-11e6-8f88-34363bc7c4c0": {
                                "create": 600000000000,
                                "delete": 600000000000
                            },
                            "schema_version": "1"
                        },
                        "tainted": false
                    },
                    "deposed": [],
                    "provider": "provider.aws"
                },
                "aws_subnet.private-subnet": {
                    "type": "aws_subnet",
                    "depends_on": [
                        "aws_vpc.default"
                    ],
                    "primary": {
                        "id": "subnet-0a9f6f7d76ce29cb4",
                        "attributes": {
                            "assign_ipv6_address_on_creation": "false",
                            "availability_zone": "ap-south-1b",
                            "cidr_block": "10.7.1.0/24",
                            "id": "subnet-0a9f6f7d76ce29cb4",
                            "map_public_ip_on_launch": "false",
                            "tags.%": "1",
                            "tags.Name": "Database Private Subnet",
                            "vpc_id": "vpc-03da6456113a15e76"
                        },
                        "meta": {
                            "schema_version": "1"
                        },
                        "tainted": false
                    },
                    "deposed": [],
                    "provider": "provider.aws"
                },
                "aws_subnet.public-subnet": {
                    "type": "aws_subnet",
                    "depends_on": [
                        "aws_vpc.default"
                    ],
                    "primary": {
                        "id": "subnet-0d624622f8c38bbe3",
                        "attributes": {
                            "assign_ipv6_address_on_creation": "false",
                            "availability_zone": "ap-south-1a",
                            "cidr_block": "10.7.0.0/24",
                            "id": "subnet-0d624622f8c38bbe3",
                            "map_public_ip_on_launch": "false",
                            "tags.%": "1",
                            "tags.Name": "Web Public Subnet",
                            "vpc_id": "vpc-03da6456113a15e76"
                        },
                        "meta": {
                            "schema_version": "1"
                        },
                        "tainted": false
                    },
                    "deposed": [],
                    "provider": "provider.aws"
                },
                "aws_vpc.default": {
                    "type": "aws_vpc",
                    "depends_on": [],
                    "primary": {
                        "id": "vpc-03da6456113a15e76",
                        "attributes": {
                            "assign_generated_ipv6_cidr_block": "false",
                            "cidr_block": "10.7.0.0/22",
                            "default_network_acl_id": "acl-07767ea6fe6726344",
                            "default_route_table_id": "rtb-095c4071baab01b05",
                            "default_security_group_id": "sg-0204bde134a1f61c4",
                            "dhcp_options_id": "dopt-23f4154a",
                            "enable_dns_hostnames": "true",
                            "enable_dns_support": "true",
                            "id": "vpc-03da6456113a15e76",
                            "instance_tenancy": "default",
                            "main_route_table_id": "rtb-095c4071baab01b05",
                            "tags.%": "1",
                            "tags.Name": "ap-south-1-vpc"
                        },
                        "meta": {
                            "schema_version": "1"
                        },
                        "tainted": false
                    },
                    "deposed": [],
                    "provider": "provider.aws"
                }
            },
            "depends_on": []
        }
    ]
}
